{
  "meteor": {},
  "dependencies": {
    "basePackages": {
      "flash-messages": {}
    },
    "packages": {
      "flash-messages": {
        "git": "https://github.com/camilosw/flash-messages.git",
        "tag": "v0.2.1",
        "commit": "62cf1ee531684808b91dbe3ff15e63f6d5af1c66"
      }
    }
  }
}
